
Microsoft Visual Studio Solution File, Format Version 12.00
# Visual Studio Version 16
VisualStudioVersion = 16.0.29001.49
MinimumVisualStudioVersion = 10.0.40219.1
Project("{FAE04EC0-301F-11D3-BF4B-00C04F79EFBC}") = "ExamSerafin", "ExamSerafin.csproj", "{EBA80FA5-8881-43E5-87BD-D8E8A70BB369}"
EndProject
Global
	GlobalSection(SolutionConfigurationPlatforms) = preSolution
		Debug|Any CPU = Debug|Any CPU
		Release|Any CPU = Release|Any CPU
	EndGlobalSection
	GlobalSection(ProjectConfigurationPlatforms) = postSolution
		{EBA80FA5-8881-43E5-87BD-D8E8A70BB369}.Debug|Any CPU.ActiveCfg = Debug|Any CPU
		{EBA80FA5-8881-43E5-87BD-D8E8A70BB369}.Debug|Any CPU.Build.0 = Debug|Any CPU
		{EBA80FA5-8881-43E5-87BD-D8E8A70BB369}.Release|Any CPU.ActiveCfg = Release|Any CPU
		{EBA80FA5-8881-43E5-87BD-D8E8A70BB369}.Release|Any CPU.Build.0 = Release|Any CPU
	EndGlobalSection
	GlobalSection(SolutionProperties) = preSolution
		HideSolutionNode = FALSE
	EndGlobalSection
	GlobalSection(ExtensibilityGlobals) = postSolution
		SolutionGuid = {0CEFCC7D-9845-432F-8136-E33894035C2D}
	EndGlobalSection
EndGlobal
